
Microsoft Visual Studio Solution File, Format Version 12.00
# Visual Studio Version 17
VisualStudioVersion = 17.7.34009.444
MinimumVisualStudioVersion = 10.0.40219.1
Project("{8BC9CEB8-8B4A-11D0-8D11-00A0C91BC942}") = "MathEditor", "MathEditor\MathEditor.vcxproj", "{62C69696-FC84-42C8-932A-B95B14D1EE05}"
EndProject
Global
	GlobalSection(SolutionConfigurationPlatforms) = preSolution
		Debug|x64 = Debug|x64
		Debug|x86 = Debug|x86
		Release|x64 = Release|x64
		Release|x86 = Release|x86
	EndGlobalSection
	GlobalSection(ProjectConfigurationPlatforms) = postSolution
		{62C69696-FC84-42C8-932A-B95B14D1EE05}.Debug|x64.ActiveCfg = Debug|x64
		{62C69696-FC84-42C8-932A-B95B14D1EE05}.Debug|x64.Build.0 = Debug|x64
		{62C69696-FC84-42C8-932A-B95B14D1EE05}.Debug|x86.ActiveCfg = Debug|Win32
		{62C69696-FC84-42C8-932A-B95B14D1EE05}.Debug|x86.Build.0 = Debug|Win32
		{62C69696-FC84-42C8-932A-B95B14D1EE05}.Release|x64.ActiveCfg = Release|x64
		{62C69696-FC84-42C8-932A-B95B14D1EE05}.Release|x64.Build.0 = Release|x64
		{62C69696-FC84-42C8-932A-B95B14D1EE05}.Release|x86.ActiveCfg = Release|Win32
		{62C69696-FC84-42C8-932A-B95B14D1EE05}.Release|x86.Build.0 = Release|Win32
	EndGlobalSection
	GlobalSection(SolutionProperties) = preSolution
		HideSolutionNode = FALSE
	EndGlobalSection
	GlobalSection(ExtensibilityGlobals) = postSolution
		SolutionGuid = {4620A716-EE7C-4407-B213-FF53AF37C473}
	EndGlobalSection
EndGlobal
